
Microsoft Visual Studio Solution File, Format Version 12.00
# Visual Studio Version 17
VisualStudioVersion = 17.10.35013.160
MinimumVisualStudioVersion = 10.0.40219.1
Project("{FAE04EC0-301F-11D3-BF4B-00C04F79EFBC}") = "E-voting System", "E-voting System\E-voting System.csproj", "{AACA4729-3680-4D7E-84F5-55092B240A79}"
EndProject
Global
	GlobalSection(SolutionConfigurationPlatforms) = preSolution
		Debug|Any CPU = Debug|Any CPU
		Release|Any CPU = Release|Any CPU
	EndGlobalSection
	GlobalSection(ProjectConfigurationPlatforms) = postSolution
		{AACA4729-3680-4D7E-84F5-55092B240A79}.Debug|Any CPU.ActiveCfg = Debug|Any CPU
		{AACA4729-3680-4D7E-84F5-55092B240A79}.Debug|Any CPU.Build.0 = Debug|Any CPU
		{AACA4729-3680-4D7E-84F5-55092B240A79}.Release|Any CPU.ActiveCfg = Release|Any CPU
		{AACA4729-3680-4D7E-84F5-55092B240A79}.Release|Any CPU.Build.0 = Release|Any CPU
	EndGlobalSection
	GlobalSection(SolutionProperties) = preSolution
		HideSolutionNode = FALSE
	EndGlobalSection
	GlobalSection(ExtensibilityGlobals) = postSolution
		SolutionGuid = {4201B560-13F0-4411-8935-B9CD2912B5FE}
	EndGlobalSection
EndGlobal
